
Microsoft Visual Studio Solution File, Format Version 12.00
# Visual Studio 14
VisualStudioVersion = 14.0.25420.1
MinimumVisualStudioVersion = 10.0.40219.1
Project("{2150E333-8FDC-42A3-9474-1A3956D46DE8}") = "src", "src", "{9DF1BEBF-8871-4F6F-8098-6E79869B26F1}"
EndProject
Project("{2150E333-8FDC-42A3-9474-1A3956D46DE8}") = "Solution Items", "Solution Items", "{345D4727-B89A-4D1E-B078-9BDFAA49576A}"
	ProjectSection(SolutionItems) = preProject
		global.json = global.json
	EndProjectSection
EndProject
Project("{8BB2217D-0F2D-49D1-97BC-3654ED321F3B}") = "BrookVites", "src\BrookVites\BrookVites.xproj", "{6CA58859-2841-44EC-95C9-415A25A12FA4}"
EndProject
Global
	GlobalSection(SolutionConfigurationPlatforms) = preSolution
		Debug|Any CPU = Debug|Any CPU
		Release|Any CPU = Release|Any CPU
	EndGlobalSection
	GlobalSection(ProjectConfigurationPlatforms) = postSolution
		{6CA58859-2841-44EC-95C9-415A25A12FA4}.Debug|Any CPU.ActiveCfg = Debug|Any CPU
		{6CA58859-2841-44EC-95C9-415A25A12FA4}.Debug|Any CPU.Build.0 = Debug|Any CPU
		{6CA58859-2841-44EC-95C9-415A25A12FA4}.Release|Any CPU.ActiveCfg = Release|Any CPU
		{6CA58859-2841-44EC-95C9-415A25A12FA4}.Release|Any CPU.Build.0 = Release|Any CPU
	EndGlobalSection
	GlobalSection(SolutionProperties) = preSolution
		HideSolutionNode = FALSE
	EndGlobalSection
	GlobalSection(NestedProjects) = preSolution
		{6CA58859-2841-44EC-95C9-415A25A12FA4} = {9DF1BEBF-8871-4F6F-8098-6E79869B26F1}
	EndGlobalSection
EndGlobal
